
Microsoft Visual Studio Solution File, Format Version 12.00
# Visual Studio 15
VisualStudioVersion = 15.0.27130.0
MinimumVisualStudioVersion = 10.0.40219.1
Project("{FAE04EC0-301F-11D3-BF4B-00C04F79EFBC}") = "LinQ", "LinQ\LinQ.csproj", "{7069EF1E-04A1-497D-BD04-D49F9D6F9B84}"
EndProject
Global
	GlobalSection(SolutionConfigurationPlatforms) = preSolution
		Debug|Any CPU = Debug|Any CPU
		Release|Any CPU = Release|Any CPU
	EndGlobalSection
	GlobalSection(ProjectConfigurationPlatforms) = postSolution
		{7069EF1E-04A1-497D-BD04-D49F9D6F9B84}.Debug|Any CPU.ActiveCfg = Debug|Any CPU
		{7069EF1E-04A1-497D-BD04-D49F9D6F9B84}.Debug|Any CPU.Build.0 = Debug|Any CPU
		{7069EF1E-04A1-497D-BD04-D49F9D6F9B84}.Release|Any CPU.ActiveCfg = Release|Any CPU
		{7069EF1E-04A1-497D-BD04-D49F9D6F9B84}.Release|Any CPU.Build.0 = Release|Any CPU
	EndGlobalSection
	GlobalSection(SolutionProperties) = preSolution
		HideSolutionNode = FALSE
	EndGlobalSection
	GlobalSection(ExtensibilityGlobals) = postSolution
		SolutionGuid = {461790A6-254C-4B4C-9356-835C2B69FF88}
	EndGlobalSection
EndGlobal
